
Microsoft Visual Studio Solution File, Format Version 12.00
# Visual Studio Version 17
VisualStudioVersion = 17.3.32819.101
MinimumVisualStudioVersion = 10.0.40219.1
Project("{FAE04EC0-301F-11D3-BF4B-00C04F79EFBC}") = "TiendaIphone", "TiendaIphone.csproj", "{63443404-A07E-4EAF-BD23-412DFBECD04E}"
EndProject
Global
	GlobalSection(SolutionConfigurationPlatforms) = preSolution
		Debug|Any CPU = Debug|Any CPU
		Release|Any CPU = Release|Any CPU
	EndGlobalSection
	GlobalSection(ProjectConfigurationPlatforms) = postSolution
		{63443404-A07E-4EAF-BD23-412DFBECD04E}.Debug|Any CPU.ActiveCfg = Debug|Any CPU
		{63443404-A07E-4EAF-BD23-412DFBECD04E}.Debug|Any CPU.Build.0 = Debug|Any CPU
		{63443404-A07E-4EAF-BD23-412DFBECD04E}.Release|Any CPU.ActiveCfg = Release|Any CPU
		{63443404-A07E-4EAF-BD23-412DFBECD04E}.Release|Any CPU.Build.0 = Release|Any CPU
	EndGlobalSection
	GlobalSection(SolutionProperties) = preSolution
		HideSolutionNode = FALSE
	EndGlobalSection
	GlobalSection(ExtensibilityGlobals) = postSolution
		SolutionGuid = {D1EE7A6F-43D5-4AE8-AF42-D30D2CBB2850}
	EndGlobalSection
EndGlobal
